entity_detail:
  tag: STER LOCK
  type: Control Device
  specs: {}
  drawing_texts:
  - source: page_005_context.yaml
    page_number: 5
    text: 'STER LOCK

      Sterile Lock / Interlock

      Control Device

      ELECTRICAL'
  requirements: []
  connection_specs: []
  ontology_hints:
    observed_relations: []
    observed_attributes:
    - tag
    - name
    - type
    - discipline
    similar_equipment: []
    suggested_parent_class: ControlDevice
    cross_discipline: []
  notes:
  - 페이지 5의 검색 결과에서 해당 태그의 기본 식별 정보만 확인됨.
tag: STER LOCK
