placement:
  tag: ENGINEER-BLOCK
  name: 설계사 정보 블록
  discipline: fire_protection
  ontology_core:
    owl_role: AnnotationOnly
    iri_hint: dks:ENGINEER-BLOCK
    class_hint: TitleBlock
    alternative_class_hints:
    - DesignerInformation
    - LicenseRegistrationDisplay
    - ContactInformationDisplay
    related_assertions: []
    applicable_axioms:
    - AX005
    - AX037
    - AX038
    - AX039
    applicable_constraints:
    - CN001
    - CN002
    - CN005
    - CN006
    - CN007
    - CN013
    confirmed_class: dks:TitleBlock
    class_confirmed_by: step_0-9c
    class_confirmed_at: '2026-04-21T14:11:49.378312'
    axioms_linked_by: step_0-9e
    axioms_linked_at: '2026-04-21T14:20:29.522132'
  discipline_context:
    discipline: fire_protection
    sub_kinds:
      free_notes:
      - raw_text: (주)정연엔지니어링
        source_page: 13
        promotion_hint:
          suggested_property_label: hasDisplayedOrganizationName
          suggested_datatype: xsd:string
          rationale: 도면 내 표기된 설계사/회사명 문자열
      - raw_text: 소방전기설비등록 [관기관2017-1호]
        source_page: 13
        promotion_hint:
          suggested_property_label: hasLicenseRegistrationText
          suggested_datatype: xsd:string
          rationale: 등록/면허 관련 표기 문자열
      - raw_text: 전문전기공사업등록 [관기관2017-1호]
        source_page: 13
        promotion_hint:
          suggested_property_label: hasLicenseRegistrationText
          suggested_datatype: xsd:string
          rationale: 등록/면허 관련 표기 문자열
      - raw_text: 정보통신공사업 등록 [제 E-6-825호]
        source_page: 13
        promotion_hint:
          suggested_property_label: hasLicenseRegistrationText
          suggested_datatype: xsd:string
          rationale: 등록/면허 관련 표기 문자열
      - raw_text: 소방설비공사업 등록 [제 E-6-825호]
        source_page: 13
        promotion_hint:
          suggested_property_label: hasLicenseRegistrationText
          suggested_datatype: xsd:string
          rationale: 등록/면허 관련 표기 문자열
      - raw_text: 전문소방시설공사업 등록 산단
        source_page: 13
        promotion_hint:
          suggested_property_label: hasLicenseRegistrationText
          suggested_datatype: xsd:string
          rationale: 등록/면허 관련 표기 문자열
      - raw_text: 기계설비공사업 등록 [제 E-6-825호]
        source_page: 13
        promotion_hint:
          suggested_property_label: hasLicenseRegistrationText
          suggested_datatype: xsd:string
          rationale: 등록/면허 관련 표기 문자열
      - raw_text: 건축기계설비공사업 등록 21단
        source_page: 13
        promotion_hint:
          suggested_property_label: hasLicenseRegistrationText
          suggested_datatype: xsd:string
          rationale: 등록/면허 관련 표기 문자열
      - raw_text: 경기도 양주시 양주구 홍면대로 415, 1115호, 1116호 [양주동, 두산벤처타운]
        source_page: 13
        promotion_hint:
          suggested_property_label: hasDisplayedAddress
          suggested_datatype: xsd:string
          rationale: 도면 내 표기된 주소 문자열
      - raw_text: '대표전화: (031) 456-9666'
        source_page: 13
        promotion_hint:
          suggested_property_label: hasDisplayedPhoneNumber
          suggested_datatype: xsd:string
          rationale: 도면 내 표기된 연락처 문자열
  provenance:
    tag:
      source_pages:
      - 13
      method: entity_detail
    name:
      source_pages:
      - 13
      method: entity_detail
    discipline:
      source_pages:
      - 13
      method: entity_detail
    type:
      source_pages:
      - 13
      method: entity_detail
    function_category:
      source_pages:
      - 13
      method: entity_detail
    source_pages:
      source_pages:
      - 13
      method: entity_detail
    specs.shape:
      source_pages:
      - 13
      method: entity_detail
    specs.labels_inside:
      source_pages:
      - 13
      method: entity_detail
    specs.inferred_name:
      source_pages:
      - 13
      method: entity_detail
    specs.position:
      source_pages:
      - 13
      method: entity_detail
    specs.raw_labels:
      source_pages:
      - 13
      method: entity_detail
    ontology_hints.suggested_parent_class:
      source_pages:
      - 13
      method: entity_detail
    ontology_hints.observed_attributes:
      source_pages:
      - 13
      method: entity_detail
    ontology_hints.function_candidates:
      source_pages:
      - 13
      method: entity_detail
    source_attribution:
      source_pages:
      - 13
      method: entity_detail
    collection_sources.cross_validated:
      source_pages:
      - 13
      method: entity_detail
    collection_sources.visual_semantics:
      source_pages:
      - 13
      method: entity_detail
    collection_sources.visual_semantics_gemini:
      source_pages:
      - 13
      method: entity_detail
    collection_sources.entity_synthesis:
      source_pages:
      - 13
      method: entity_detail
    confidence:
      source_pages:
      - 13
      method: entity_detail
  unresolved:
  - field_candidate: specs.labels_inside
    raw_text: (주)정연엔지니어링
    source_page: 13
    reason: 분류는 가능하나, 별도 구조화된 속성으로 승격하지 않고 원문 보존 필요
    preservation_note: 설계사명 표기
  - field_candidate: specs.labels_inside
    raw_text: 소방전기설비등록 [관기관2017-1호]
    source_page: 13
    reason: 등록 문구의 정확한 속성명은 이 단계에서 확정 불가
    preservation_note: 면허/등록 표기
  - field_candidate: specs.labels_inside
    raw_text: 전문전기공사업등록 [관기관2017-1호]
    source_page: 13
    reason: 등록 문구의 정확한 속성명은 이 단계에서 확정 불가
    preservation_note: 면허/등록 표기
  - field_candidate: specs.labels_inside
    raw_text: 정보통신공사업 등록 [제 E-6-825호]
    source_page: 13
    reason: 등록 문구의 정확한 속성명은 이 단계에서 확정 불가
    preservation_note: 면허/등록 표기
  - field_candidate: specs.labels_inside
    raw_text: 소방설비공사업 등록 [제 E-6-825호]
    source_page: 13
    reason: 등록 문구의 정확한 속성명은 이 단계에서 확정 불가
    preservation_note: 면허/등록 표기
  - field_candidate: specs.labels_inside
    raw_text: 전문소방시설공사업 등록 산단
    source_page: 13
    reason: 등록 문구의 정확한 속성명은 이 단계에서 확정 불가
    preservation_note: 면허/등록 표기
  - field_candidate: specs.labels_inside
    raw_text: 기계설비공사업 등록 [제 E-6-825호]
    source_page: 13
    reason: 등록 문구의 정확한 속성명은 이 단계에서 확정 불가
    preservation_note: 면허/등록 표기
  - field_candidate: specs.labels_inside
    raw_text: 건축기계설비공사업 등록 21단
    source_page: 13
    reason: 등록 문구의 정확한 속성명은 이 단계에서 확정 불가
    preservation_note: 면허/등록 표기
  - field_candidate: specs.labels_inside
    raw_text: 경기도 양주시 양주구 홍면대로 415, 1115호, 1116호 [양주동, 두산벤처타운]
    source_page: 13
    reason: 주소 문자열의 구조화 속성 확정 불가
    preservation_note: 주소 원문 보존
  - field_candidate: specs.labels_inside
    raw_text: '대표전화: (031) 456-9666'
    source_page: 13
    reason: 전화번호의 구조화 속성 확정 불가
    preservation_note: 연락처 원문 보존
  orphan_relations: []
  ambiguous:
    is_ambiguous: false
    reason: ''
    recommended_handling: ''
  merge_info:
    is_merge_candidate: false
    other_tag: ''
    reason: ''
  plan_reference:
    guidance_applied:
    - TitleBlock / DocumentEntity 계열로 보이는 표제란·문서성 엔티티를 AnnotationOnly로 배치
    - labels_inside, raw_labels, position, inferred_name 등 관찰 속성 보존
    deviations: []
  assigned_by: step_0-9b
  model: gpt-5.4-mini
  assigned_at: '2026-04-21T14:02:26.941582'
  confidence: 0.95
