placement:
  tag: TITLE-BLOCK
  name: 표제란
  discipline: communication
  ontology_core:
    owl_role: AnnotationOnly
    iri_hint: dks:TITLE-BLOCK
    class_hint: DrawingMetadata
    alternative_class_hints:
    - Legend
    - TitleBlock
    - DocumentMetadata
    related_assertions: []
    applicable_axioms:
    - AX012
    - AX052
    - AX055
    - AX056
    - AX057
    - AX059
    applicable_constraints: []
    confirmed_class: dks:DrawingMetadata
    class_confirmed_by: step_0-9c
    class_confirmed_at: '2026-04-20T17:21:36.078817'
    axioms_linked_by: step_0-9e
    axioms_linked_at: '2026-04-20T17:39:10.168838'
  discipline_context:
    discipline: communication
    sub_kinds:
      free_notes:
      - raw_text: LS Electric R-Center 구축
        source_page: 2
        promotion_hint:
          suggested_property_label: projectTitle
          suggested_datatype: xsd:string
          rationale: 도면 프로젝트명으로 보이는 문자열
      - raw_text: '624001'
        source_page: 2
        promotion_hint:
          suggested_property_label: projectNumber
          suggested_datatype: xsd:string
          rationale: 프로젝트 번호로 보이는 식별 문자열
      - raw_text: 가운건축
        source_page: 2
        promotion_hint:
          suggested_property_label: architectName
          suggested_datatype: xsd:string
          rationale: 설계사/건축사 명칭으로 보이는 문자열
      - raw_text: GAUN Architects & Engineers
        source_page: 2
        promotion_hint:
          suggested_property_label: architectEnglishName
          suggested_datatype: xsd:string
          rationale: 영문 설계사 명칭
      - raw_text: 서울시 강남구 언주로 111길 6,5B (논현동, 백암빌딩)
        source_page: 2
        promotion_hint:
          suggested_property_label: addressText
          suggested_datatype: xsd:string
          rationale: 주소 문자열
      - raw_text: Tel:02-3443-7799 Fax:02-3443-3807
        source_page: 2
        promotion_hint:
          suggested_property_label: contactText
          suggested_datatype: xsd:string
          rationale: 연락처 문자열
      - raw_text: www.gaun.co.kr
        source_page: 2
        promotion_hint:
          suggested_property_label: websiteText
          suggested_datatype: xsd:string
          rationale: 웹사이트 문자열
      - raw_text: 정보통신용 도면 목록표
        source_page: 2
        promotion_hint:
          suggested_property_label: drawingListTitle
          suggested_datatype: xsd:string
          rationale: 도면 목록표 제목
      - raw_text: 'A3 : 1/NONE'
        source_page: 2
        promotion_hint:
          suggested_property_label: scaleText
          suggested_datatype: xsd:string
          rationale: 축척 표기
        promoted_to: dks:scaleText
        promoted_by: step_0-9d
        promoted_at: '2026-04-20T17:33:09.591389'
      - raw_text: 안 동 식
        source_page: 2
        promotion_hint:
          suggested_property_label: drafterName
          suggested_datatype: xsd:string
          rationale: 작성자/도면 인명 표기
      - raw_text: 이 윤 찬
        source_page: 2
        promotion_hint:
          suggested_property_label: checkerName
          suggested_datatype: xsd:string
          rationale: 검토자/인명 표기 가능
      - raw_text: 정 윤 직
        source_page: 2
        promotion_hint:
          suggested_property_label: approverName
          suggested_datatype: xsd:string
          rationale: 승인자/인명 표기 가능
      - raw_text: '2024.04'
        source_page: 2
        promotion_hint:
          suggested_property_label: dateText
          suggested_datatype: xsd:string
          rationale: 날짜 표기
      - raw_text: ET-00-001
        source_page: 2
        promotion_hint:
          suggested_property_label: drawingNumber
          suggested_datatype: xsd:string
          rationale: 도면 번호로 보이는 식별자
        promoted_to: dks:drawingNumber
        promoted_by: step_0-9d
        promoted_at: '2026-04-20T17:33:09.591389'
      - raw_text: (주)정명기술단
        source_page: 2
        promotion_hint:
          suggested_property_label: consultantName
          suggested_datatype: xsd:string
          rationale: 설계/감리 관련 기관명으로 보이는 문자열
      - raw_text: 통신선로산업기사 김 근 식
        source_page: 2
        promotion_hint:
          suggested_property_label: certificationText
          suggested_datatype: xsd:string
          rationale: 자격/인명 결합 문자열
      - raw_text: 대표·기술사 이 정 환
        source_page: 2
        promotion_hint:
          suggested_property_label: certificationText
          suggested_datatype: xsd:string
          rationale: 직함/인명 결합 문자열
      - raw_text: 엔지니어링활동주체신고증 제1-055호
        source_page: 2
        promotion_hint:
          suggested_property_label: licenseText
          suggested_datatype: xsd:string
          rationale: 신고증/허가 관련 문자열
      - raw_text: 전력시설물전문설계업 제06-378호
        source_page: 2
        promotion_hint:
          suggested_property_label: licenseText
          suggested_datatype: xsd:string
          rationale: 설계업 등록 관련 문자열
      - raw_text: 전문소방시설설계업 제 강남-06-1호
        source_page: 2
        promotion_hint:
          suggested_property_label: licenseText
          suggested_datatype: xsd:string
          rationale: 설계업 등록 관련 문자열
      - raw_text: LS Electric
        source_page: 2
        promotion_hint:
          suggested_property_label: projectClient
          suggested_datatype: xsd:string
          rationale: 프로젝트 관련 회사명
      - raw_text: R-Center 구축
        source_page: 2
        promotion_hint:
          suggested_property_label: projectSubtitle
          suggested_datatype: xsd:string
          rationale: 프로젝트 부제/설명으로 보이는 문자열
      - raw_text: 가운건축 / GAUN I Architects & Engineers
        source_page: 2
        promotion_hint:
          suggested_property_label: architectText
          suggested_datatype: xsd:string
          rationale: 설계사 표기
      - raw_text: 서울시 강남구 언주로 111길 6 5층 (논현동, 백암빌딩)
        source_page: 2
        promotion_hint:
          suggested_property_label: addressText
          suggested_datatype: xsd:string
          rationale: 주소 문자열
      - raw_text: Tel:02-2-3443-7799 Fax:02-2-3443-3800
        source_page: 2
        promotion_hint:
          suggested_property_label: contactText
          suggested_datatype: xsd:string
          rationale: 연락처 문자열
      - raw_text: 정보통신용 범례 및 주기사항
        source_page: 2
        promotion_hint:
          suggested_property_label: drawingTitle
          suggested_datatype: xsd:string
          rationale: 도면 제목으로 보이는 문자열
        promoted_to: dks:drawingTitle
        promoted_by: step_0-9d
        promoted_at: '2026-04-20T17:33:09.591389'
      - raw_text: '축척 A1 : 1/NONE / A3 : 1/NONE'
        source_page: 2
        promotion_hint:
          suggested_property_label: scaleText
          suggested_datatype: xsd:string
          rationale: 축척 표기
        promoted_to: dks:scaleText
        promoted_by: step_0-9d
        promoted_at: '2026-04-20T17:33:09.591389'
      - raw_text: ET-00-002
        source_page: 2
        promotion_hint:
          suggested_property_label: drawingNumber
          suggested_datatype: xsd:string
          rationale: 도면 번호로 보이는 식별자
      - raw_text: 안 도 식 / A3 - 1/NONE
        source_page: 2
        promotion_hint:
          suggested_property_label: drafterName
          suggested_datatype: xsd:string
          rationale: 작성자/인명 표기
      - raw_text: 정 명 기 술 단
        source_page: 2
        promotion_hint:
          suggested_property_label: consultantName
          suggested_datatype: xsd:string
          rationale: 기관명 표기
      - raw_text: 예미나이동통신(주)도시 서구분5호 (6-378호) 기술부통신산업·전자부처전분부이정보통신
        source_page: 2
        promotion_hint:
          suggested_property_label: licenseText
          suggested_datatype: xsd:string
          rationale: 원문 해석이 어려운 자격/등록 관련 문자열
      - raw_text: PROJECT NUMBER
        source_page: 2
        promotion_hint:
          suggested_property_label: titleFieldLabel
          suggested_datatype: xsd:string
          rationale: 표제란 필드 라벨
      - raw_text: DESIGN CONSULTANT
        source_page: 2
        promotion_hint:
          suggested_property_label: titleFieldLabel
          suggested_datatype: xsd:string
          rationale: 표제란 필드 라벨
      - raw_text: GAUN I Architects & Engineers
        source_page: 2
        promotion_hint:
          suggested_property_label: architectEnglishName
          suggested_datatype: xsd:string
          rationale: 영문 설계사 명칭
      - raw_text: 서울시 강남구 언주로 141길 6, 5층 (논현동, 백암빌딩)
        source_page: 2
        promotion_hint:
          suggested_property_label: addressText
          suggested_datatype: xsd:string
          rationale: 주소 문자열
      - raw_text: Tel.02-2-3443-7799 Fax.02-2-3443-3800
        source_page: 2
        promotion_hint:
          suggested_property_label: contactText
          suggested_datatype: xsd:string
          rationale: 연락처 문자열
      - raw_text: NOTES
        source_page: 2
        promotion_hint:
          suggested_property_label: titleFieldLabel
          suggested_datatype: xsd:string
          rationale: 표제란 필드 라벨
      - raw_text: KEY PLAN
        source_page: 2
        promotion_hint:
          suggested_property_label: titleFieldLabel
          suggested_datatype: xsd:string
          rationale: 표제란 필드 라벨
      - raw_text: DESCRIPTION
        source_page: 2
        promotion_hint:
          suggested_property_label: titleFieldLabel
          suggested_datatype: xsd:string
          rationale: 표제란 필드 라벨
      - raw_text: DATE
        source_page: 2
        promotion_hint:
          suggested_property_label: titleFieldLabel
          suggested_datatype: xsd:string
          rationale: 표제란 필드 라벨
      - raw_text: ISSUES & REVISIONS
        source_page: 2
        promotion_hint:
          suggested_property_label: titleFieldLabel
          suggested_datatype: xsd:string
          rationale: 표제란 필드 라벨
      - raw_text: DRAWING TITLE
        source_page: 2
        promotion_hint:
          suggested_property_label: titleFieldLabel
          suggested_datatype: xsd:string
          rationale: 표제란 필드 라벨
      - raw_text: DRAWN
        source_page: 2
        promotion_hint:
          suggested_property_label: titleFieldLabel
          suggested_datatype: xsd:string
          rationale: 표제란 필드 라벨
      - raw_text: CHECKED
        source_page: 2
        promotion_hint:
          suggested_property_label: titleFieldLabel
          suggested_datatype: xsd:string
          rationale: 표제란 필드 라벨
      - raw_text: 이 은 찬
        source_page: 2
        promotion_hint:
          suggested_property_label: checkerName
          suggested_datatype: xsd:string
          rationale: 인명 표기
      - raw_text: APPROVED
        source_page: 2
        promotion_hint:
          suggested_property_label: titleFieldLabel
          suggested_datatype: xsd:string
          rationale: 표제란 필드 라벨
      - raw_text: 정 용 재
        source_page: 2
        promotion_hint:
          suggested_property_label: approverName
          suggested_datatype: xsd:string
          rationale: 인명 표기
      - raw_text: SCALE
        source_page: 2
        promotion_hint:
          suggested_property_label: titleFieldLabel
          suggested_datatype: xsd:string
          rationale: 표제란 필드 라벨
      - raw_text: DRAWING NO.
        source_page: 2
        promotion_hint:
          suggested_property_label: titleFieldLabel
          suggested_datatype: xsd:string
          rationale: 표제란 필드 라벨
      - raw_text: 전력시설물종합설계업 제서울 E-1-055호
        source_page: 2
        promotion_hint:
          suggested_property_label: licenseText
          suggested_datatype: xsd:string
          rationale: 등록/허가 관련 문자열
      - raw_text: 엔지니어링 활동주체 제06-378호
        source_page: 2
        promotion_hint:
          suggested_property_label: licenseText
          suggested_datatype: xsd:string
          rationale: 등록/허가 관련 문자열
      - raw_text: 전기,정보통신 설계,감리 및 소방설계
        source_page: 2
        promotion_hint:
          suggested_property_label: serviceText
          suggested_datatype: xsd:string
          rationale: 업무 범위 문자열
      - raw_text: (주) 정 명 기 술 단
        source_page: 2
        promotion_hint:
          suggested_property_label: consultantName
          suggested_datatype: xsd:string
          rationale: 기관명 표기
      - raw_text: 대표 · 기술사 이 정 환
        source_page: 2
        promotion_hint:
          suggested_property_label: certificationText
          suggested_datatype: xsd:string
          rationale: 직함/인명 결합 문자열
      - raw_text: 엔지니어링활동주체신고증 신고번호:제 06-378호
        source_page: 2
        promotion_hint:
          suggested_property_label: licenseText
          suggested_datatype: xsd:string
          rationale: 신고번호 문자열
      - raw_text: 기술부문:통신·정보처리,전문분야:정보통신
        source_page: 2
        promotion_hint:
          suggested_property_label: serviceText
          suggested_datatype: xsd:string
          rationale: 업무/전문분야 문자열
      - raw_text: 통신전문산업기사 김 근 식
        source_page: 2
        promotion_hint:
          suggested_property_label: certificationText
          suggested_datatype: xsd:string
          rationale: 자격/인명 결합 문자열
      - raw_text: ET-01-004
        source_page: 2
        promotion_hint:
          suggested_property_label: drawingNumber
          suggested_datatype: xsd:string
          rationale: 도면 번호로 보이는 식별자
      - raw_text: 지상2층 정보통신설비 평면도
        source_page: 2
        promotion_hint:
          suggested_property_label: drawingTitle
          suggested_datatype: xsd:string
          rationale: 도면 제목
      - raw_text: 가운 건축 GAUN Architects & Engineers
        source_page: 2
        promotion_hint:
          suggested_property_label: architectText
          suggested_datatype: xsd:string
          rationale: 설계사 표기
      - raw_text: 'A3: 1/200'
        source_page: 2
        promotion_hint:
          suggested_property_label: scaleText
          suggested_datatype: xsd:string
          rationale: 축척 표기
      - raw_text: 'A3: 1/400'
        source_page: 2
        promotion_hint:
          suggested_property_label: scaleText
          suggested_datatype: xsd:string
          rationale: 축척 표기
      - raw_text: 정명기술단
        source_page: 2
        promotion_hint:
          suggested_property_label: consultantName
          suggested_datatype: xsd:string
          rationale: 기관명 표기
      - raw_text: 가운 건축
        source_page: 2
        promotion_hint:
          suggested_property_label: architectName
          suggested_datatype: xsd:string
          rationale: 설계사 명칭
      - raw_text: 사무동 지하1층 정보통신 설비 평면도
        source_page: 2
        promotion_hint:
          suggested_property_label: drawingTitle
          suggested_datatype: xsd:string
          rationale: 도면 제목
      - raw_text: ET-01-005
        source_page: 2
        promotion_hint:
          suggested_property_label: drawingNumber
          suggested_datatype: xsd:string
          rationale: 도면 번호
      - raw_text: 'A3 : 1/150'
        source_page: 2
        promotion_hint:
          suggested_property_label: scaleText
          suggested_datatype: xsd:string
          rationale: 축척 표기
      - raw_text: 'A3 : 1/300'
        source_page: 2
        promotion_hint:
          suggested_property_label: scaleText
          suggested_datatype: xsd:string
          rationale: 축척 표기
      - raw_text: ET-02-004
        source_page: 2
        promotion_hint:
          suggested_property_label: drawingNumber
          suggested_datatype: xsd:string
          rationale: 도면 번호
      - raw_text: 지상2층 방송 설비 평면도
        source_page: 2
        promotion_hint:
          suggested_property_label: drawingTitle
          suggested_datatype: xsd:string
          rationale: 도면 제목
      - raw_text: 사무동 지하1층 방송 설비 평면도
        source_page: 2
        promotion_hint:
          suggested_property_label: drawingTitle
          suggested_datatype: xsd:string
          rationale: 도면 제목
      - raw_text: ET-02-005
        source_page: 2
        promotion_hint:
          suggested_property_label: drawingNumber
          suggested_datatype: xsd:string
          rationale: 도면 번호
      - raw_text: 'A3: 1/150 / A3: 1/300'
        source_page: 2
        promotion_hint:
          suggested_property_label: scaleText
          suggested_datatype: xsd:string
          rationale: 축척 표기
      - raw_text: 사무동 지상1층 방송 설비 평면도
        source_page: 2
        promotion_hint:
          suggested_property_label: drawingTitle
          suggested_datatype: xsd:string
          rationale: 도면 제목
      - raw_text: ET-02-006
        source_page: 2
        promotion_hint:
          suggested_property_label: drawingNumber
          suggested_datatype: xsd:string
          rationale: 도면 번호
      - raw_text: 가운건축 GAUN I Architects & Engineers
        source_page: 2
        promotion_hint:
          suggested_property_label: architectText
          suggested_datatype: xsd:string
          rationale: 설계사 표기
      - raw_text: 서울시 강남구 언주로 111길 6,5층 (논현동, 백향설리)
        source_page: 2
        promotion_hint:
          suggested_property_label: addressText
          suggested_datatype: xsd:string
          rationale: 주소 문자열
      - raw_text: Tel:02-3443-7799 Fax:02-3443-3800
        source_page: 2
        promotion_hint:
          suggested_property_label: contactText
          suggested_datatype: xsd:string
          rationale: 연락처 문자열
      - raw_text: 통합배선설비 상세도
        source_page: 2
        promotion_hint:
          suggested_property_label: drawingTitle
          suggested_datatype: xsd:string
          rationale: 도면 제목
      - raw_text: '축척 A1 : 1/NONE'
        source_page: 2
        promotion_hint:
          suggested_property_label: scaleText
          suggested_datatype: xsd:string
          rationale: 축척 표기
      - raw_text: ET-03-002
        source_page: 2
        promotion_hint:
          suggested_property_label: drawingNumber
          suggested_datatype: xsd:string
          rationale: 도면 번호
      - raw_text: '안 동 식 | A3 : 1/NONE'
        source_page: 2
        promotion_hint:
          suggested_property_label: drafterName
          suggested_datatype: xsd:string
          rationale: 작성자/축척 결합 문자열
        promoted_to: dks:scaleText
        promoted_by: step_0-9d
        promoted_at: '2026-04-20T17:33:09.591389'
      - raw_text: 정 문 택
        source_page: 2
        promotion_hint:
          suggested_property_label: checkerName
          suggested_datatype: xsd:string
          rationale: 인명 표기
      - raw_text: 정명기술단 (설계사)
        source_page: 2
        promotion_hint:
          suggested_property_label: consultantName
          suggested_datatype: xsd:string
          rationale: 기관명/역할 표기
      - raw_text: 정명기술단 통신선로산업기사 (감리)
        source_page: 2
        promotion_hint:
          suggested_property_label: consultantText
          suggested_datatype: xsd:string
          rationale: 기관명/자격/역할 결합 문자열
      - raw_text: 서울시 강남구 언주로 141길 6, 5층 (논현동, 백향빌딩)
        source_page: 2
        promotion_hint:
          suggested_property_label: addressText
          suggested_datatype: xsd:string
          rationale: 주소 문자열
  provenance:
    name:
      source_pages:
      - 2
      method: direct_label
    ontology_core.owl_role:
      source_pages:
      - 2
      method: classification_by_observation
    ontology_core.iri_hint:
      source_pages:
      - 2
      method: tag_based
    ontology_core.class_hint:
      source_pages:
      - 2
      method: ontology_hint
    ontology_core.alternative_class_hints:
      source_pages:
      - 2
      method: ontology_hint
    discipline_context.free_notes:
      source_pages:
      - 2
      - 3
      - 8
      - 9
      - 10
      - 12
      - 15
      - 16
      - 17
      - 19
      method: exhaustive_preservation
    ambiguous.is_ambiguous:
      source_pages:
      - 2
      method: classification_by_observation
    plan_reference.guidance_applied:
      source_pages:
      - 2
      method: ontology_plan_guidance
  unresolved:
  - field_candidate: specs.raw_labels
    raw_text: 'LS Electric R-Center 구축 | 624001 | 가운건축 | GAUN Architects & Engineers
      | 서울시 강남구 언주로 111길 6,5B (논현동, 백암빌딩) | Tel:02-3443-7799 Fax:02-3443-3807 | www.gaun.co.kr
      | 정보통신용 도면 목록표 | A3 : 1/NONE | 안 동 식 | 이 윤 찬 | 정 윤 직 | 2024.04 | ET-00-001 |
      (주)정명기술단 | 통신선로산업기사 김 근 식 | 대표·기술사 이 정 환 | 엔지니어링활동주체신고증 제1-055호 | 전력시설물전문설계업
      제06-378호 | 전문소방시설설계업 제 강남-06-1호 | LS Electric | R-Center 구축 | 가운건축 / GAUN I
      Architects & Engineers | 서울시 강남구 언주로 111길 6 5층 (논현동, 백암빌딩) | Tel:02-2-3443-7799
      Fax:02-2-3443-3800 | 정보통신용 범례 및 주기사항 | 축척 A1 : 1/NONE / A3 : 1/NONE | ET-00-002
      | 안 도 식 / A3 - 1/NONE | 정 명 기 술 단 | 예미나이동통신(주)도시 서구분5호 (6-378호) 기술부통신산업·전자부처전분부이정보통신
      | PROJECT NUMBER | DESIGN CONSULTANT | GAUN I Architects & Engineers | 서울시 강남구
      언주로 141길 6, 5층 (논현동, 백암빌딩) | Tel.02-2-3443-7799 Fax.02-2-3443-3800 | NOTES |
      KEY PLAN | DESCRIPTION | DATE | ISSUES & REVISIONS | DRAWING TITLE | DRAWN |
      CHECKED | 이 은 찬 | APPROVED | 정 용 재 | SCALE | DRAWING NO. | 전력시설물종합설계업 제서울 E-1-055호
      | 엔지니어링 활동주체 제06-378호 | 전기,정보통신 설계,감리 및 소방설계 | (주) 정 명 기 술 단 | 대표 · 기술사 이 정
      환 | 엔지니어링활동주체신고증 신고번호:제 06-378호 | 기술부문:통신·정보처리,전문분야:정보통신 | 통신전문산업기사 김 근 식 |
      ET-01-004 | 지상2층 정보통신설비 평면도 | 가운 건축 GAUN Architects & Engineers | A3: 1/200
      | A3: 1/400 | 정명기술단 | 가운 건축 | 사무동 지하1층 정보통신 설비 평면도 | ET-01-005 | A3 : 1/150
      | A3 : 1/300 | ET-02-004 | 지상2층 방송 설비 평면도 | 가운건축 GAUN Architects & Engineers
      | A3 : 1/200 | A3 : 1/400 | 사무동 지하1층 방송 설비 평면도 | ET-02-005 | A3: 1/150 / A3:
      1/300 | 사무동 지상1층 방송 설비 평면도 | ET-02-006 | 가운건축 GAUN I Architects & Engineers
      | 서울시 강남구 언주로 111길 6,5층 (논현동, 백향설리) | Tel:02-3443-7799 Fax:02-3443-3800 | 통합배선설비
      상세도 | 축척 A1 : 1/NONE | ET-03-002 | 안 동 식 | A3 : 1/NONE | 정 문 택 | 정명기술단 (설계사)
      | 정명기술단 통신선로산업기사 (감리) | 서울시 강남구 언주로 141길 6, 5층 (논현동, 백향빌딩) | 축척 A1 : 1/NONE
      A3 : 1/NONE'
    source_page: 2
    reason: 표제란 내부의 다수 텍스트를 개별 속성으로 완전 분해하지 않고 원문 보존 필요
    preservation_note: 후속 단계에서 project/drawing/consultant/license/contact/scale/date/title
      field로 분해 가능
  - field_candidate: specs.labels_inside
    raw_text: 'LS Electric R-Center 구축 | 624001 | 가운건축 | GAUN Architects & Engineers
      | 서울시 강남구 언주로 111길 6,5B (논현동, 백암빌딩) | Tel:02-3443-7799 Fax:02-3443-3807 | www.gaun.co.kr
      | 정보통신용 도면 목록표 | A3 : 1/NONE | 안 동 식 | 이 윤 찬 | 정 윤 직 | 2024.04 | ET-00-001 |
      (주)정명기술단 | 통신선로산업기사 김 근 식 | 대표·기술사 이 정 환 | 엔지니어링활동주체신고증 제1-055호 | 전력시설물전문설계업
      제06-378호 | 전문소방시설설계업 제 강남-06-1호'
    source_page: 2
    reason: 내부 라벨 텍스트가 다중 필드로 혼재
    preservation_note: 표제란의 시각적 구성요소로 보존
  - field_candidate: specs.title
    raw_text: 정보통신용 범례 및 주기사항
    source_page: 2
    reason: 동일 엔티티 내에서 '정보통신용 도면 목록표'와 '정보통신용 범례 및 주기사항'이 함께 나타나 표제 기능이 혼합됨
    preservation_note: 도면 목록표/범례 표제 혼재 가능성
  - field_candidate: specs.drawing_number
    raw_text: ET-00-002
    source_page: 2
    reason: 표제란 엔티티에 여러 도면 번호가 함께 존재
    preservation_note: 대표 번호가 아니라 내부 참조 번호일 수 있음
  - field_candidate: specs.scale
    raw_text: 'A1 : 1/NONE / A3 : 1/NONE'
    source_page: 2
    reason: 축척 표기가 여러 형식으로 중복
    preservation_note: 표제란 내 축척 표기 원문 보존
  - field_candidate: specs.project
    raw_text: LS Electric R-Center 구축
    source_page: 2
    reason: 프로젝트명으로 보이나 표제란 내 다른 제목 문자열과 혼재
    preservation_note: 프로젝트명 후보
  - field_candidate: specs.project_number
    raw_text: '624001'
    source_page: 2
    reason: 프로젝트 번호로 보이나 별도 확인 필요
    preservation_note: 숫자 식별자 보존
  - field_candidate: specs.architect
    raw_text: 가운건축 / GAUN I Architects & Engineers
    source_page: 2
    reason: 설계사 표기 변형이 다수 존재
    preservation_note: 기관명 표기 변형 보존
  - field_candidate: specs.date
    raw_text: '2024.04'
    source_page: 2
    reason: 날짜 형식이나 정확한 의미(작성/승인/발행일) 불명
    preservation_note: 월 단위 날짜 문자열
  - field_candidate: specs.source_block
    raw_text: visual_semantics
    source_page: 2
    reason: 시각 의미론 기반 추출값
    preservation_note: 추출 출처 보존
  - field_candidate: ontology_hints.suggested_parent_class
    raw_text: DrawingMetadata
    source_page: 2
    reason: 힌트는 있으나 확정 아님
    preservation_note: 후속 분류용 후보 클래스
  - field_candidate: ontology_hints.function_candidates
    raw_text: Project Identification | Drawing Identification | Revision Tracking
      | Scale and Date Information
    source_page: 2
    reason: 기능 후보 목록
    preservation_note: 후속 속성/역할 승격 후보
  - field_candidate: source
    raw_text: 우측 표제란
    source_page: 2
    reason: 공간적 출처 설명
    preservation_note: 도면 내 위치 설명
  - field_candidate: position
    raw_text: right
    source_page: 2
    reason: 도면 상 위치 정보
    preservation_note: 우측 배치
  - field_candidate: classification
    raw_text: LEGEND
    source_page: 2
    reason: 표제란과 범례 성격이 혼재
    preservation_note: 분류 혼합 보존
  - field_candidate: flow_direction
    raw_text: UNKNOWN
    source_page: 2
    reason: 흐름 정보 없음
    preservation_note: 미상 상태 보존
  orphan_relations: []
  ambiguous:
    is_ambiguous: true
    reason: 동일 엔티티가 표제란, 도면 목록표, 범례 및 주기사항, 제목란 기능을 동시에 포함하며, 시각적으로는 문서 메타데이터이지만 내부
      텍스트가 여러 도면/필드로 혼재함.
    recommended_handling: 0-9c에서 DrawingMetadata 계열로 우선 분류하되, 내부 텍스트는 개별 데이터 속성 후보로
      분해 검토
  merge_info:
    is_merge_candidate: false
    other_tag: ''
    reason: ''
  plan_reference:
    guidance_applied:
    - document/metadata/legend 계열로 우선 배치
    - title-block, TOC, NOTE, SCHEDULE 등 문서 메타데이터 패턴 보존
    deviations: []
  assigned_by: step_0-9b
  model: gpt-5.4-mini
  assigned_at: '2026-04-20T17:17:01.499051'
  confidence: 0.93
