placement:
  tag: P-TITLE-BLOCK
  name: Title Block
  discipline: communication
  ontology_core:
    owl_role: AnnotationOnly
    iri_hint: dks:P-TITLE-BLOCK
    class_hint: DrawingMetadata
    alternative_class_hints:
    - TitleBlock
    - ProjectIdentification
    - DrawingInformation
    - ScaleAndDateIndication
    related_assertions: []
    applicable_axioms:
    - AX012
    - AX052
    applicable_constraints:
    - CN003
    confirmed_class: dks:DrawingMetadata
    class_confirmed_by: step_0-9c
    class_confirmed_at: '2026-04-20T17:21:36.078817'
    axioms_linked_by: step_0-9e
    axioms_linked_at: '2026-04-20T17:39:10.168838'
  discipline_context:
    discipline: communication
    sub_kinds:
      free_notes:
      - raw_text: LS Electric R-Center 구축
        source_page: 11
        promotion_hint:
          suggested_property_label: projectTitleText
          suggested_datatype: xsd:string
          rationale: 도면 표제란 내 프로젝트 식별 문자열
      - raw_text: '624001'
        source_page: 11
        promotion_hint:
          suggested_property_label: projectNumber
          suggested_datatype: xsd:string
          rationale: 표제란 내 번호성 문자열
      - raw_text: 가운 건축
        source_page: 11
        promotion_hint:
          suggested_property_label: authorOrFirmName
          suggested_datatype: xsd:string
          rationale: 표제란 내 작성/소속 추정 문자열
      - raw_text: GAUN I Architects & Engineers
        source_page: 11
        promotion_hint:
          suggested_property_label: authorOrFirmName
          suggested_datatype: xsd:string
          rationale: 표제란 내 작성/소속 추정 문자열
      - raw_text: 사무동 지상2층 정보통신 설비 평면도
        source_page: 11
        promotion_hint:
          suggested_property_label: drawingTitleText
          suggested_datatype: xsd:string
          rationale: 도면 제목으로 보이는 문자열
        promoted_to: dks:drawingTitle
        promoted_by: step_0-9d
        promoted_at: '2026-04-20T17:33:09.591389'
      - raw_text: ET-01-007
        source_page: 11
        promotion_hint:
          suggested_property_label: drawingNumber
          suggested_datatype: xsd:string
          rationale: 도면 번호 형식 문자열
        promoted_to: dks:drawingNumber
        promoted_by: step_0-9d
        promoted_at: '2026-04-20T17:33:09.591389'
      - raw_text: 'A3: 1/150'
        source_page: 11
        promotion_hint:
          suggested_property_label: scaleText
          suggested_datatype: xsd:string
          rationale: 용지/축척 표기
        promoted_to: dks:scaleText
        promoted_by: step_0-9d
        promoted_at: '2026-04-20T17:33:09.591389'
      - raw_text: 'A3: 1/300'
        source_page: 11
        promotion_hint:
          suggested_property_label: scaleText
          suggested_datatype: xsd:string
          rationale: 용지/축척 표기
      - raw_text: '2024.04'
        source_page: 11
        promotion_hint:
          suggested_property_label: dateText
          suggested_datatype: xsd:string
          rationale: 표제란 내 날짜 표기
        promoted_to: dks:noteText
        promoted_by: step_0-9d
        promoted_at: '2026-04-20T17:33:09.591389'
      - raw_text: rectangle
        source_page: 11
        promotion_hint:
          suggested_property_label: shape
          suggested_datatype: xsd:string
          rationale: 도형 정보
      - raw_text: bottom-right
        source_page: 11
        promotion_hint:
          suggested_property_label: positionText
          suggested_datatype: xsd:string
          rationale: 도면 내 배치 위치
        promoted_to: dks:positionText
        promoted_by: step_0-9d
        promoted_at: '2026-04-20T17:33:09.591389'
      - raw_text: TITLE_BLOCK
        source_page: 11
        promotion_hint:
          suggested_property_label: entityTypeText
          suggested_datatype: xsd:string
          rationale: 원문 타입 표기
      - raw_text: ProjectIdentification
        source_page: 11
        promotion_hint:
          suggested_property_label: functionCategoryText
          suggested_datatype: xsd:string
          rationale: ontology_hints.function_candidates 원문
      - raw_text: DrawingInformation
        source_page: 11
        promotion_hint:
          suggested_property_label: functionCategoryText
          suggested_datatype: xsd:string
          rationale: ontology_hints.function_candidates 원문
      - raw_text: ScaleAndDateIndication
        source_page: 11
        promotion_hint:
          suggested_property_label: functionCategoryText
          suggested_datatype: xsd:string
          rationale: ontology_hints.function_candidates 원문
  provenance:
    tag:
      source_pages:
      - 11
      method: direct
    name:
      source_pages:
      - 11
      method: direct
    discipline:
      source_pages:
      - 11
      method: direct
    ontology_core.owl_role:
      source_pages:
      - 11
      method: inferred_from_title_block
    ontology_core.iri_hint:
      source_pages:
      - 11
      method: constructed_from_tag
    ontology_core.class_hint:
      source_pages:
      - 11
      method: ontology_hints.suggested_parent_class
    ontology_core.alternative_class_hints:
      source_pages:
      - 11
      method: ontology_hints.function_candidates
    discipline_context.free_notes:
      source_pages:
      - 11
      method: direct_scan_all_specs
    unresolved:
      source_pages:
      - 11
      method: none
    ambiguous:
      source_pages:
      - 11
      method: direct
    merge_info:
      source_pages:
      - 11
      method: direct
    plan_reference.guidance_applied:
      source_pages:
      - 11
      method: plan_alignment
  unresolved: []
  orphan_relations: []
  ambiguous:
    is_ambiguous: false
    reason: 표제란/문서 메타데이터로 관찰되며 물리 설비 실체는 아님.
    recommended_handling: AnnotationOnly로 유지하고, 표제란 내부 문자열은 free_notes로 보존.
  merge_info:
    is_merge_candidate: false
    other_tag: ''
    reason: ''
  plan_reference:
    guidance_applied:
    - 문서/메타데이터/범례/목록 계열로 배치
    - DrawingMetadata 후보 class_hint 적용
    - 표제란 내부 문자열을 free_notes로 보존
    deviations: []
  assigned_by: step_0-9b
  model: gpt-5.4-mini
  assigned_at: '2026-04-20T17:14:33.826222'
  confidence: 0.98
