entity_detail:
  tag: INTER-LOCK
  type: interlock_device
  specs:
  - key: drawing_number
    value: EE-01-001
    unit: null
    source: page 5
    confidence: 0.96
  - key: title
    value: 22.9kV 수전설비 단선결선도-U/T 동 주변전실-1(기존)
    unit: null
    source: page 5
    confidence: 0.96
  - key: system_voltage
    value: 22.9kV
    unit: kV
    source: page 5
    confidence: 0.96
  - key: system_voltage_2
    value: 6.6kV
    unit: kV
    source: page 5
    confidence: 0.96
  - key: system_voltage_3
    value: 440V
    unit: V
    source: page 5
    confidence: 0.96
  drawing_texts:
  - source: page 5 executive_summary
    page_number: 5
    text: '22.9kV 수전설비 단선결선도로, 상단 수전/발전기 계통에서 중간 변압기(TR), 보호계전(GIPAM/GIPAM-2000FI),
      계량(MOF) 및 개폐기(VCB, G/S)를 거쳐 하단 다수 피더로 분기되는 구조가 보인다.


      주요 설비로 TR #1, TR #2, GENERATOR, G/S, MOF, PT, CT, LA, SA, BUS TIE, JUNCTION
      BOX, REC, SCR, LV PNL, HV PNL, DC LIGHTING, NVR, MG가 관찰된다.


      도면 내 전압 표기는 22.9kV, 6.6kV, 440V가 보이며, 발전기 용량은 비상출력 1,250kVA / 1,000KW, 연속출력
      1,125kVA / 900KW로 표기되어 있다.'
  requirements:
  - text: 22.9kV 수전설비 단선결선도
    source: page 5
    type: system_condition
  - text: 도면 내 전압 표기는 22.9kV, 6.6kV, 440V
    source: page 5
    type: system_condition
  connection_specs:
  - relation: observed_system_flow
    partner: TR / GIPAM / MOF / VCB / G/S / feeder
    details:
      source: page 5 executive_summary
      text: 상단 수전/발전기 계통에서 중간 변압기(TR), 보호계전(GIPAM/GIPAM-2000FI), 계량(MOF) 및 개폐기(VCB,
        G/S)를 거쳐 하단 다수 피더로 분기되는 구조
  ontology_hints:
    observed_relations:
    - relation_type: connected_to_system
      partner_tag: 'TR #1'
      direction: UNKNOWN
      source: page 5 executive_summary
    - relation_type: connected_to_system
      partner_tag: 'TR #2'
      direction: UNKNOWN
      source: page 5 executive_summary
    - relation_type: connected_to_system
      partner_tag: GENERATOR
      direction: UNKNOWN
      source: page 5 executive_summary
    - relation_type: connected_to_system
      partner_tag: G/S
      direction: UNKNOWN
      source: page 5 executive_summary
    - relation_type: connected_to_system
      partner_tag: MOF
      direction: UNKNOWN
      source: page 5 executive_summary
    - relation_type: connected_to_system
      partner_tag: PT
      direction: UNKNOWN
      source: page 5 executive_summary
    - relation_type: connected_to_system
      partner_tag: CT
      direction: UNKNOWN
      source: page 5 executive_summary
    - relation_type: connected_to_system
      partner_tag: LA
      direction: UNKNOWN
      source: page 5 executive_summary
    - relation_type: connected_to_system
      partner_tag: SA
      direction: UNKNOWN
      source: page 5 executive_summary
    - relation_type: connected_to_system
      partner_tag: BUS TIE
      direction: UNKNOWN
      source: page 5 executive_summary
    - relation_type: connected_to_system
      partner_tag: JUNCTION BOX
      direction: UNKNOWN
      source: page 5 executive_summary
    - relation_type: connected_to_system
      partner_tag: REC
      direction: UNKNOWN
      source: page 5 executive_summary
    - relation_type: connected_to_system
      partner_tag: SCR
      direction: UNKNOWN
      source: page 5 executive_summary
    - relation_type: connected_to_system
      partner_tag: LV PNL
      direction: UNKNOWN
      source: page 5 executive_summary
    - relation_type: connected_to_system
      partner_tag: HV PNL
      direction: UNKNOWN
      source: page 5 executive_summary
    - relation_type: connected_to_system
      partner_tag: DC LIGHTING
      direction: UNKNOWN
      source: page 5 executive_summary
    - relation_type: connected_to_system
      partner_tag: NVR
      direction: UNKNOWN
      source: page 5 executive_summary
    - relation_type: connected_to_system
      partner_tag: MG
      direction: UNKNOWN
      source: page 5 executive_summary
    observed_attributes:
    - drawing_number
    - title
    - system_voltage
    - system_voltage_2
    - system_voltage_3
    - connected_equipment_mentions
    similar_equipment: []
    suggested_parent_class: ElectricalInterlockDevice
    cross_discipline: []
  notes: []
tag: INTER-LOCK
