tag: STER LOCK
verdict: demoted
confidence: 0.93
missing_fields:
- specs
missing_relations: []
reason: entity_detail과 page_005_context에서 tag와 type(Control Device)는 확인되지만, 자체 사양(specs)이
  비어 있어 독립 엔티티로 보기 어렵다. observed_relations도 0개이며, 도면에서 확인되는 내용은 'Sterile Lock / Interlock'이라는
  표기 수준이다. 따라서 온톨로지 진입 대상의 독립 설비가 아니라 문서상 제어기/표기 항목으로 강등한다.
