tag: R1-110-BLOCK
name: 110BLOCK - IN / OUT
type: equipment
discipline: COMMUNICATION
function_category: TERMINATION_BLOCK
source_pages:
- 18
specs:
  raw_labels:
  - 110BLOCK - IN / OUT
  inferred_name: 110 Block (Rack 1)
  position: middle-right
  shape: rectangle
  labels_inside:
  - 110BLOCK - IN / OUT
relations: []
collection_sources:
  visual_semantics_gemini: true
  entity_synthesis: true
ontology_hints:
  suggested_parent_class: CommunicationEquipment
  observed_attributes:
  - raw_labels
  - inferred_name
  - position
  - shape
  - labels_inside
  similar_equipment: []
  function_candidates:
  - CableTermination
  - SignalDistribution
