tag: BLK-TITLE-BLOCK
name: 표제란 (Title Block)
type: PANEL
discipline: ELECTRICAL
function_category: PANEL
source_pages:
- 2
specs:
  labels_inside:
  - LS Electric R-Center 구축
  - '624001'
  - 가운 건축
  - GAUNI Architects & Engineers
  - 서울시 강남구 언주로 111길 6, 5층 (논현동, 백암빌딩)
  - Tel:02-2-3443-7799  Fax:02-2-3443-3805
  - www.gaun.co.kr
  - 전력시설물통합설계용 제서류 E-1-055호
  - 엔지니어링 활동주체 제E6-378호
  - 전기·정보통신 설계감리 및 소방설계
  - (주) 정 명 기 술 단
  - 대표·기술사  이  정  환
  - 전력용 도면목록표
  - '안 동 시  A3 : 1/NONE'
  - 이 운 찬
  - 정 문 학
  - '2024.04'
  - EE-00-001
  raw_labels:
  - LS Electric R-Center 구축
  - '624001'
  - 가운 건축
  - GAUNI Architects & Engineers
  - 서울시 강남구 언주로 111길 6, 5층 (논현동, 백암빌딩)
  - Tel:02-2-3443-7799  Fax:02-2-3443-3805
  - www.gaun.co.kr
  - 전력시설물통합설계용 제서류 E-1-055호
  - 엔지니어링 활동주체 제E6-378호
  - 전기·정보통신 설계감리 및 소방설계
  - (주) 정 명 기 술 단
  - 대표·기술사  이  정  환
  - 전력용 도면목록표
  - '안 동 시  A3 : 1/NONE'
  - 이 운 찬
  - 정 문 학
  - '2024.04'
  - EE-00-001
  - GAUN Architects & Engineers
  - 서울시 강남구 언주로 141길 6, 5층 (논현동, 백암빌딩)
  - Tel:82-2-3443-7799 Fax:82-2-3443-3807
  - 전력시설물종합설계업 제서울 E-1-055호
  - 엔지니어링 활동주체 제E06-378호
  - 전기·정보통신 설계·감리 및 소방설계
  - 대표·기술사 이 정 환
  - 안 동 식
  - 이 은 진
  - 정 용 재
  - 'A3 : 1/NONE'
  - 'A1 : 1/NONE'
relations: []
collection_sources:
  cross_validated: true
  visual_semantics: true
  visual_semantics_gemini: true
position: bottom-right
confidence: 0.9
source_attribution:
  sonnet: true
  gemini: true
  mini: false
ontology_hints:
  suggested_parent_class: DrawingInformation
  observed_attributes:
  - labels_inside
  - raw_labels
  similar_equipment: []
  function_candidates:
  - ProjectIdentification
  - DrawingIdentification
  - OrganizationIdentification
  - RevisionTracking
