tag: ENGINEER-BLOCK
name: 설계사 정보 블록
type: TITLE_BLOCK
discipline: FIRE_PROTECTION
function_category: TITLE_BLOCK
source_pages:
- 13
specs:
  shape: rectangle
  labels_inside:
  - (주)정연엔지니어링
  - 소방전기설비등록 [관기관2017-1호]
  - 전문전기공사업등록 [관기관2017-1호]
  - 정보통신공사업 등록 [제 E-6-825호]
  - 소방설비공사업 등록 [제 E-6-825호]
  - 전문소방시설공사업 등록 산단
  - 기계설비공사업 등록 [제 E-6-825호]
  - 건축기계설비공사업 등록 21단
  - 경기도 양주시 양주구 홍면대로 415, 1115호, 1116호 [양주동, 두산벤처타운]
  - '대표전화: (031) 456-9666'
  inferred_name: 설계사 정보 블록
  position: bottom-right
  raw_labels:
  - (주)정연엔지니어링
  - 소방전기설비등록 [관기관2017-1호]
  - 전문전기공사업등록 [관기관2017-1호]
  - 정보통신공사업 등록 [제 E-6-825호]
  - 소방설비공사업 등록 [제 E-6-825호]
  - 전문소방시설공사업 등록 산단
  - 기계설비공사업 등록 [제 E-6-825호]
  - 건축기계설비공사업 등록 21단
  - 경기도 양주시 양주구 홍면대로 415, 1115호, 1116호 [양주동, 두산벤처타운]
  - '대표전화: (031) 456-9666'
relations: []
collection_sources:
  cross_validated: true
  visual_semantics: true
  visual_semantics_gemini: true
  entity_synthesis: true
confidence: 0.95
source_attribution:
  sonnet: true
  gemini: true
  mini: true
position: bottom-right
ontology_hints:
  suggested_parent_class: TitleBlock
  observed_attributes:
  - shape
  - labels_inside
  - inferred_name
  - position
  - raw_labels
  similar_equipment: []
  function_candidates:
  - DesignerInformation
  - LicenseRegistrationDisplay
  - ContactInformationDisplay
