tag: TITLE-BLOCK
name: 표제란
type: title_block
discipline: COMMUNICATION
function_category: TITLE_BLOCK
source_pages:
- 2
- 3
- 8
- 9
- 10
- 12
- 15
- 16
- 17
- 19
specs:
  raw_labels:
  - LS Electric R-Center 구축
  - '624001'
  - 가운건축
  - GAUN Architects & Engineers
  - 서울시 강남구 언주로 111길 6,5B (논현동, 백암빌딩)
  - Tel:02-3443-7799 Fax:02-3443-3807
  - www.gaun.co.kr
  - 정보통신용 도면 목록표
  - 'A3 : 1/NONE'
  - 안 동 식
  - 이 윤 찬
  - 정 윤 직
  - '2024.04'
  - ET-00-001
  - (주)정명기술단
  - 통신선로산업기사 김 근 식
  - 대표·기술사 이 정 환
  - 엔지니어링활동주체신고증 제1-055호
  - 전력시설물전문설계업 제06-378호
  - 전문소방시설설계업 제 강남-06-1호
  - LS Electric
  - R-Center 구축
  - 가운건축 / GAUN I Architects & Engineers
  - 서울시 강남구 언주로 111길 6 5층 (논현동, 백암빌딩)
  - Tel:02-2-3443-7799 Fax:02-2-3443-3800
  - 정보통신용 범례 및 주기사항
  - '축척 A1 : 1/NONE / A3 : 1/NONE'
  - ET-00-002
  - 안 도 식 / A3 - 1/NONE
  - 정 명 기 술 단
  - 통신전로산업기사 김 근 식
  - 예미나이동통신(주)도시 서구분5호 (6-378호) 기술부통신산업·전자부처전분부이정보통신
  - PROJECT NUMBER
  - DESIGN CONSULTANT
  - GAUN I Architects & Engineers
  - 서울시 강남구 언주로 141길 6, 5층 (논현동, 백암빌딩)
  - Tel.02-2-3443-7799 Fax.02-2-3443-3800
  - NOTES
  - KEY PLAN
  - DESCRIPTION
  - DATE
  - ISSUES & REVISIONS
  - DRAWING TITLE
  - DRAWN
  - CHECKED
  - 이 은 찬
  - APPROVED
  - 정 용 재
  - SCALE
  - DRAWING NO.
  - 전력시설물종합설계업 제서울 E-1-055호
  - 엔지니어링 활동주체 제06-378호
  - 전기,정보통신 설계,감리 및 소방설계
  - (주) 정 명 기 술 단
  - 대표 · 기술사 이 정 환
  - 엔지니어링활동주체신고증 신고번호:제 06-378호
  - 기술부문:통신·정보처리,전문분야:정보통신
  - 통신전문산업기사 김 근 식
  - ET-01-004
  - 지상2층 정보통신설비 평면도
  - 가운 건축 GAUN Architects & Engineers
  - 'A3: 1/200'
  - 'A3: 1/400'
  - 정명기술단
  - 가운 건축
  - 사무동 지하1층 정보통신 설비 평면도
  - ET-01-005
  - 'A3 : 1/150'
  - 'A3 : 1/300'
  - ET-02-004
  - 지상2층 방송 설비 평면도
  - 가운건축 GAUN Architects & Engineers
  - 'A3 : 1/200'
  - 'A3 : 1/400'
  - 사무동 지하1층 방송 설비 평면도
  - ET-02-005
  - 'A3: 1/150 / A3: 1/300'
  - 사무동 지상1층 방송 설비 평면도
  - ET-02-006
  - 가운건축 GAUN I Architects & Engineers
  - 서울시 강남구 언주로 111길 6,5층 (논현동, 백향설리)
  - Tel:02-3443-7799 Fax:02-3443-3800
  - 통합배선설비 상세도
  - '축척 A1 : 1/NONE'
  - ET-03-002
  - '안 동 식 | A3 : 1/NONE'
  - 정 문 택
  - 정명기술단 (설계사)
  - 정명기술단 통신선로산업기사 (감리)
  - 서울시 강남구 언주로 141길 6, 5층 (논현동, 백향빌딩)
  - '축척 A1 : 1/NONE A3 : 1/NONE'
  shape: rectangle
  labels_inside:
  - LS Electric R-Center 구축
  - '624001'
  - 가운건축
  - GAUN Architects & Engineers
  - 서울시 강남구 언주로 111길 6,5B (논현동, 백암빌딩)
  - Tel:02-3443-7799 Fax:02-3443-3807
  - www.gaun.co.kr
  - 정보통신용 도면 목록표
  - 'A3 : 1/NONE'
  - 안 동 식
  - 이 윤 찬
  - 정 윤 직
  - '2024.04'
  - ET-00-001
  - (주)정명기술단
  - 통신선로산업기사 김 근 식
  - 대표·기술사 이 정 환
  - 엔지니어링활동주체신고증 제1-055호
  - 전력시설물전문설계업 제06-378호
  - 전문소방시설설계업 제 강남-06-1호
  labels_above: []
  labels_below: []
  equipment_symbols: []
  inferred_name: 표제란
  position: right
  source_model: both
  title: 정보통신용 범례 및 주기사항
  drawing_number: ET-00-002
  project: LS Electric R-Center 구축
  project_number: '624001'
  architect: 가운건축 / GAUN I Architects & Engineers
  date: '2024.04'
  scale: 'A1 : 1/NONE / A3 : 1/NONE'
  discipline: COMMUNICATION
  classification: LEGEND
  flow_direction: UNKNOWN
  source: 우측 표제란
  architect_english: GAUN I Architects & Engineers
  scale_a3_primary: 1/150
  scale_a3_secondary: 1/300
  source_block: visual_semantics
relations: []
collection_sources:
  visual_semantics: true
  visual_semantics_gemini: true
  entity_synthesis: true
position: right
ontology_hints:
  suggested_parent_class: DrawingMetadata
  observed_attributes:
  - raw_labels
  - shape
  - labels_inside
  - labels_above
  - labels_below
  - equipment_symbols
  - inferred_name
  - position
  - source_model
  - title
  - drawing_number
  - project
  - project_number
  - architect
  - date
  - scale
  - discipline
  - classification
  - flow_direction
  - source
  - architect_english
  - scale_a3_primary
  - scale_a3_secondary
  - source_block
  similar_equipment: []
  function_candidates:
  - Project Identification
  - Drawing Identification
  - Revision Tracking
  - Scale and Date Information
