tag: P-TITLE-BLOCK
name: Title Block
type: TITLE_BLOCK
discipline: COMMUNICATION
function_category: TITLE_BLOCK
source_pages:
- 11
specs:
  raw_labels:
  - LS Electric R-Center 구축
  - '624001'
  - 가운 건축
  - GAUN I Architects & Engineers
  - 사무동 지상2층 정보통신 설비 평면도
  - ET-01-007
  - '{''A3'': ''1/150''}'
  - '{''A3'': ''1/300''}'
  - '2024.04'
  shape: rectangle
  labels_inside:
  - LS Electric R-Center 구축
  - '624001'
  - 가운 건축
  - GAUN I Architects & Engineers
  - 사무동 지상2층 정보통신 설비 평면도
  - ET-01-007
  - 'A3: 1/150'
  - 'A3: 1/300'
  - '2024.04'
  position: bottom-right
  inferred_name: Title Block
relations: []
collection_sources:
  visual_semantics_gemini: true
  entity_synthesis: true
ontology_hints:
  suggested_parent_class: DrawingMetadata
  observed_attributes:
  - raw_labels
  - shape
  - labels_inside
  - position
  - inferred_name
  similar_equipment: []
  function_candidates:
  - ProjectIdentification
  - DrawingInformation
  - ScaleAndDateIndication
