placement:
  tag: TITLE-BLOCK
  name: ''
  discipline: unknown
  ontology_core:
    owl_role: AnnotationOnly
    iri_hint: ''
    class_hint: DocumentTitleBlock
    alternative_class_hints:
    - NoteOrLegend
    - DocumentEntity
    related_assertions: []
    applicable_axioms:
    - AX006
    applicable_constraints: []
    confirmed_class: dks:DocumentTitleBlock
    class_confirmed_by: step_0-9c
    class_confirmed_at: '2026-04-22T10:17:47.885847'
    axioms_linked_by: step_0-9e
    axioms_linked_at: '2026-04-22T10:21:55.809825'
  discipline_context:
    discipline: unknown
    sub_kinds: {}
    free_notes:
    - raw_text: '사용 가능한 페이지는 다음과 같습니다: 1, 2, 3, 4, 5, 31, 32, 33, 34, 35, 61, 62,
        63, 64, 65.'
      source_page: 0
      promotion_hint:
        suggested_property_label: hasAvailablePages
        suggested_datatype: xsd:string
        rationale: 페이지 번호 목록 형태의 문서 메타 정보
    - raw_text: 원하시면 특정 페이지의 내용을 확인해드릴게요.
      source_page: 0
      promotion_hint:
        suggested_property_label: hasInteractionNote
        suggested_datatype: xsd:string
        rationale: 도면 내용 확인 안내 문구로, 주석/응답 메타에 해당
  provenance:
    tag:
      source_pages:
      - 0
      method: direct_input
    discipline:
      source_pages:
      - 0
      method: direct_input
    ontology_core.owl_role:
      source_pages:
      - 0
      method: classification_by_observation
    ontology_core.class_hint:
      source_pages:
      - 0
      method: classification_by_observation
    discipline_context.free_notes[0]:
      source_pages:
      - 0
      method: verbatim_preservation
    discipline_context.free_notes[1]:
      source_pages:
      - 0
      method: verbatim_preservation
  unresolved:
  - field_candidate: entity_detail.raw
    raw_text: '사용 가능한 페이지는 다음과 같습니다: 1, 2, 3, 4, 5, 31, 32, 33, 34, 35, 61, 62, 63,
      64, 65.


      원하시면 특정 페이지의 내용을 확인해드릴게요.'
    source_page: 0
    reason: 도면 실체나 설비가 아니라 페이지 안내 문구로만 관찰됨
    preservation_note: 문서 제목 블록/안내 주석으로 보존
  orphan_relations: []
  ambiguous:
    is_ambiguous: true
    reason: TITLE-BLOCK은 물리 설비가 아니라 문서 상단 제목/안내 블록으로 보이며, AnnotationOnly와 DocumentEntity
      경계가 모호함
    recommended_handling: 후속 단계에서 NoteOrLegend 또는 DocumentEntity 하위의 문서 메타로 재검토
  merge_info:
    is_merge_candidate: false
    other_tag: ''
    reason: ''
  plan_reference:
    guidance_applied:
    - 도면에서 관찰된 것만 기록
    - 분류 불가 정보는 free_notes에 raw_text와 promotion_hint로 보존
    - provenance를 모든 기록 값에 부여
    deviations: []
  assigned_by: step_0-9b
  model: gpt-5.4-mini
  assigned_at: '2026-04-22T10:16:01.216917'
  confidence: 0.86
