placement:
  tag: TITLE-BLOCK
  name: 표제란
  discipline: communication
  ontology_core:
    owl_role: AnnotationOnly
    iri_hint: dks:TITLE-BLOCK
    class_hint: DocumentEntity
    alternative_class_hints:
    - InformationEntity
    - MetadataBlock
    related_assertions:
    - type: referencesDocumentSection
      target_hint: LEGEND-NOTE
      note: LEGEND-NOTE가 TITLE-BLOCK을 정의하는 주석 관계가 관찰됨
    - type: locatedOnPage
      target_hint: pages 2, 3, 8, 9, 10, 11, 12, 15, 16, 17, 18, 19
      note: source_pages에 반복 출현
    applicable_axioms:
    - AX053
    - AX055
    - AX057
    applicable_constraints:
    - CN017
    confirmed_class: dks:DocumentEntity
    class_confirmed_by: step_0-9c
    class_confirmed_at: '2026-04-20T14:51:02.724781'
    axioms_linked_by: step_0-9e
    axioms_linked_at: '2026-04-20T14:57:28.725814'
  discipline_context:
    discipline: communication
    sub_kinds:
      free_notes:
      - raw_text: LS Electric R-Center 구축
        source_page: 2
        promotion_hint:
          suggested_property_label: project
          suggested_datatype: xsd:string
          rationale: 프로젝트명으로 보이는 문자열
      - raw_text: '624001'
        source_page: 2
        promotion_hint:
          suggested_property_label: projectNumber
          suggested_datatype: xsd:string
          rationale: 프로젝트 번호로 보이는 식별 문자열
      - raw_text: 가운건축
        source_page: 2
        promotion_hint:
          suggested_property_label: architect
          suggested_datatype: xsd:string
          rationale: 설계사/건축사 표기로 보이는 문자열
      - raw_text: GAUN Architects & Engineers
        source_page: 2
        promotion_hint:
          suggested_property_label: architectEnglish
          suggested_datatype: xsd:string
          rationale: 영문 설계사명으로 보이는 문자열
      - raw_text: 서울시 강남구 언주로 111길 6 5B (논현동, 백암빌딩)
        source_page: 2
        promotion_hint:
          suggested_property_label: address
          suggested_datatype: xsd:string
          rationale: 주소 형식 문자열
      - raw_text: Tel:02-3443-7799 Fax:02-3443-3807
        source_page: 2
        promotion_hint:
          suggested_property_label: contactInfo
          suggested_datatype: xsd:string
          rationale: 전화/팩스 연락처 문자열
      - raw_text: www.gaun.co.kr
        source_page: 2
        promotion_hint:
          suggested_property_label: website
          suggested_datatype: xsd:string
          rationale: 웹사이트 URL
      - raw_text: 정보통신용 도면 목록표
        source_page: 2
        promotion_hint:
          suggested_property_label: drawingTitle
          suggested_datatype: xsd:string
          rationale: 도면 제목으로 보이는 문자열
      - raw_text: ET-00-001
        source_page: 2
        promotion_hint:
          suggested_property_label: drawingNumber
          suggested_datatype: xsd:string
          rationale: 도면 번호 형식
      - raw_text: '축척 A1 : 1/NONE'
        source_page: 2
        promotion_hint:
          suggested_property_label: scale
          suggested_datatype: xsd:string
          rationale: 축척 표기
      - raw_text: 'A3 : 1/NONE'
        source_page: 2
        promotion_hint:
          suggested_property_label: scale
          suggested_datatype: xsd:string
          rationale: 축척 표기
      - raw_text: '안 동 식 | A3 : 1/NONE'
        source_page: 2
        promotion_hint:
          suggested_property_label: authorOrSigner
          suggested_datatype: xsd:string
          rationale: 인명과 축척 표기가 혼재되어 있어 분리 불가
      - raw_text: 이 운 찬
        source_page: 2
        promotion_hint:
          suggested_property_label: personName
          suggested_datatype: xsd:string
          rationale: 인명으로 보이는 문자열
      - raw_text: 정 문 학
        source_page: 2
        promotion_hint:
          suggested_property_label: personName
          suggested_datatype: xsd:string
          rationale: 인명으로 보이는 문자열
      - raw_text: '2024.04'
        source_page: 2
        promotion_hint:
          suggested_property_label: date
          suggested_datatype: xsd:string
          rationale: 날짜 표기
        promoted_to: dks:date
        promoted_by: step_0-9d
        promoted_at: '2026-04-20T14:54:44.331858'
      - raw_text: 정명기술단
        source_page: 2
        promotion_hint:
          suggested_property_label: engineer
          suggested_datatype: xsd:string
          rationale: 기술단/감리 주체로 보이는 문자열
      - raw_text: 통신선로산업기사 입 근 식
        source_page: 2
        promotion_hint:
          suggested_property_label: qualificationOrName
          suggested_datatype: xsd:string
          rationale: 자격명과 인명으로 보이는 문자열이 혼재
      - raw_text: LS Electric
        source_page: 2
        promotion_hint:
          suggested_property_label: projectClient
          suggested_datatype: xsd:string
          rationale: 프로젝트 관련 기관명으로 보이는 문자열
      - raw_text: R-Center 구축
        source_page: 2
        promotion_hint:
          suggested_property_label: project
          suggested_datatype: xsd:string
          rationale: 프로젝트명 일부로 보이는 문자열
      - raw_text: 가운건축 / GAUN | Architects & Engineers
        source_page: 2
        promotion_hint:
          suggested_property_label: architect
          suggested_datatype: xsd:string
          rationale: 설계사 표기
      - raw_text: 서울시 강구 언주로 111길 6-5 (논현동, 백암빌딩)
        source_page: 2
        promotion_hint:
          suggested_property_label: address
          suggested_datatype: xsd:string
          rationale: 주소 형식 문자열
      - raw_text: Tel:02-2-3443-7798  Fax:02-2-3443-3809
        source_page: 2
        promotion_hint:
          suggested_property_label: contactInfo
          suggested_datatype: xsd:string
          rationale: 전화/팩스 연락처 문자열
      - raw_text: 정보통신용 범례 및 주기사항
        source_page: 2
        promotion_hint:
          suggested_property_label: drawingTitle
          suggested_datatype: xsd:string
          rationale: 도면 제목으로 보이는 문자열
      - raw_text: '축척: A1 - 1/NONE / A3 - 1/NONE'
        source_page: 2
        promotion_hint:
          suggested_property_label: scale
          suggested_datatype: xsd:string
          rationale: 축척 표기
      - raw_text: ET-00-002
        source_page: 2
        promotion_hint:
          suggested_property_label: drawingNumber
          suggested_datatype: xsd:string
          rationale: 도면 번호 형식
      - raw_text: 안 동 식
        source_page: 2
        promotion_hint:
          suggested_property_label: personName
          suggested_datatype: xsd:string
          rationale: 인명으로 보이는 문자열
      - raw_text: 이 정 환
        source_page: 2
        promotion_hint:
          suggested_property_label: personName
          suggested_datatype: xsd:string
          rationale: 인명으로 보이는 문자열
      - raw_text: 정명기술단 (통신전로산업기사 김 근 식)
        source_page: 2
        promotion_hint:
          suggested_property_label: engineer
          suggested_datatype: xsd:string
          rationale: 기관명과 인명/자격이 혼재
      - raw_text: ET-01-004
        source_page: 2
        promotion_hint:
          suggested_property_label: drawingNumber
          suggested_datatype: xsd:string
          rationale: 도면 번호 형식
      - raw_text: 지상2층 정보통신설비 평면도
        source_page: 2
        promotion_hint:
          suggested_property_label: title
          suggested_datatype: xsd:string
          rationale: 도면 제목으로 보이는 문자열
      - raw_text: 가운 건축 GAUN I Architects & Engineers
        source_page: 2
        promotion_hint:
          suggested_property_label: architect
          suggested_datatype: xsd:string
          rationale: 설계사 표기
      - raw_text: 'A3 : 1/200'
        source_page: 2
        promotion_hint:
          suggested_property_label: scale
          suggested_datatype: xsd:string
          rationale: 축척 표기
      - raw_text: 'A3 : 1/400'
        source_page: 2
        promotion_hint:
          suggested_property_label: scale
          suggested_datatype: xsd:string
          rationale: 축척 표기
      - raw_text: 사무동 지하1층 정보통신 설비 평면도
        source_page: 2
        promotion_hint:
          suggested_property_label: title
          suggested_datatype: xsd:string
          rationale: 도면 제목으로 보이는 문자열
      - raw_text: ET-01-005
        source_page: 2
        promotion_hint:
          suggested_property_label: drawingNumber
          suggested_datatype: xsd:string
          rationale: 도면 번호 형식
      - raw_text: 'A3 : 1/150'
        source_page: 2
        promotion_hint:
          suggested_property_label: scale
          suggested_datatype: xsd:string
          rationale: 축척 표기
      - raw_text: 'A3 : 1/300'
        source_page: 2
        promotion_hint:
          suggested_property_label: scale
          suggested_datatype: xsd:string
          rationale: 축척 표기
      - raw_text: (주)정명기술단
        source_page: 2
        promotion_hint:
          suggested_property_label: engineer
          suggested_datatype: xsd:string
          rationale: 기관명 표기
      - raw_text: 전문소방공사감리업...
        source_page: 2
        promotion_hint:
          suggested_property_label: note
          suggested_datatype: xsd:string
          rationale: 자격/면허 관련 주석성 문자열
      - raw_text: 엔지니어링활동주체신고증...
        source_page: 2
        promotion_hint:
          suggested_property_label: note
          suggested_datatype: xsd:string
          rationale: 신고증 관련 주석성 문자열
      - raw_text: 사무동 지상1층 정보통신 설비 평면도
        source_page: 2
        promotion_hint:
          suggested_property_label: title
          suggested_datatype: xsd:string
          rationale: 도면 제목으로 보이는 문자열
      - raw_text: ET-01-006
        source_page: 2
        promotion_hint:
          suggested_property_label: drawingNumber
          suggested_datatype: xsd:string
          rationale: 도면 번호 형식
      - raw_text: '축척 A1 : 1/150, A3 : 1/300'
        source_page: 2
        promotion_hint:
          suggested_property_label: scale
          suggested_datatype: xsd:string
          rationale: 축척 표기
      - raw_text: ET-02-004
        source_page: 2
        promotion_hint:
          suggested_property_label: drawingNumber
          suggested_datatype: xsd:string
          rationale: 도면 번호 형식
      - raw_text: 지상2층 방송 설비 평면도
        source_page: 2
        promotion_hint:
          suggested_property_label: title
          suggested_datatype: xsd:string
          rationale: 도면 제목으로 보이는 문자열
      - raw_text: 가운건축 GAUN Architects & Engineers
        source_page: 2
        promotion_hint:
          suggested_property_label: architect
          suggested_datatype: xsd:string
          rationale: 설계사 표기
      - raw_text: 사무동 지하1층 방송 설비 평면도
        source_page: 2
        promotion_hint:
          suggested_property_label: title
          suggested_datatype: xsd:string
          rationale: 도면 제목으로 보이는 문자열
      - raw_text: ET-02-005
        source_page: 2
        promotion_hint:
          suggested_property_label: drawingNumber
          suggested_datatype: xsd:string
          rationale: 도면 번호 형식
      - raw_text: 'A3: 1/150 / A3: 1/300'
        source_page: 2
        promotion_hint:
          suggested_property_label: scale
          suggested_datatype: xsd:string
          rationale: 축척 표기
      - raw_text: 가운 건축 GAUN Architects & Engineers
        source_page: 2
        promotion_hint:
          suggested_property_label: architect
          suggested_datatype: xsd:string
          rationale: 설계사 표기
      - raw_text: 사무동 지상1층 방송 설비 평면도
        source_page: 2
        promotion_hint:
          suggested_property_label: title
          suggested_datatype: xsd:string
          rationale: 도면 제목으로 보이는 문자열
      - raw_text: ET-02-006
        source_page: 2
        promotion_hint:
          suggested_property_label: drawingNumber
          suggested_datatype: xsd:string
          rationale: 도면 번호 형식
      - raw_text: 통신선로산업기사
        source_page: 2
        promotion_hint:
          suggested_property_label: qualification
          suggested_datatype: xsd:string
          rationale: 자격명으로 보이는 문자열
  provenance:
    name:
      source_pages:
      - 2
      - 3
      - 8
      - 9
      - 10
      - 11
      - 12
      - 15
      - 16
      - 17
      - 18
      - 19
      method: entity_detail.name
    ontology_core.owl_role:
      source_pages:
      - 2
      - 3
      - 8
      - 9
      - 10
      - 11
      - 12
      - 15
      - 16
      - 17
      - 18
      - 19
      method: rule_based_annotation_only
    ontology_core.class_hint:
      source_pages:
      - 2
      - 3
      - 8
      - 9
      - 10
      - 11
      - 12
      - 15
      - 16
      - 17
      - 18
      - 19
      method: ontology_hints.suggested_parent_class
    ontology_core.related_assertions:
      source_pages:
      - 15
      - 2
      method: relations + source_pages
    specs.raw_labels:
      source_pages:
      - 2
      method: direct_copy
    specs.panel_id:
      source_pages:
      - 2
      method: direct_copy
    specs.shape:
      source_pages:
      - 2
      method: direct_copy
    specs.labels_inside:
      source_pages:
      - 2
      method: direct_copy
    specs.labels_above:
      source_pages:
      - 2
      method: direct_copy
    specs.labels_below:
      source_pages:
      - 2
      method: direct_copy
    specs.equipment_symbols:
      source_pages:
      - 2
      method: direct_copy
    specs.inferred_name:
      source_pages:
      - 2
      method: direct_copy
    specs.position:
      source_pages:
      - 2
      method: direct_copy
    specs.project:
      source_pages:
      - 2
      method: direct_copy
    specs.project_number:
      source_pages:
      - 2
      method: direct_copy
    specs.architect:
      source_pages:
      - 2
      method: direct_copy
    specs.drawing_title:
      source_pages:
      - 2
      method: direct_copy
    specs.drawing_number:
      source_pages:
      - 2
      method: direct_copy
    specs.scale:
      source_pages:
      - 2
      method: direct_copy
    specs.date:
      source_pages:
      - 2
      method: direct_copy
    specs.author:
      source_pages:
      - 2
      method: direct_copy
    specs.checker:
      source_pages:
      - 2
      method: direct_copy
    specs.approver:
      source_pages:
      - 2
      method: direct_copy
    specs.source:
      source_pages:
      - 2
      method: direct_copy
    specs.architect_english:
      source_pages:
      - 2
      method: direct_copy
    specs.title:
      source_pages:
      - 2
      method: direct_copy
    specs.scale_a1:
      source_pages:
      - 2
      method: direct_copy
    specs.scale_a3:
      source_pages:
      - 2
      method: direct_copy
    specs.engineer:
      source_pages:
      - 2
      method: direct_copy
    specs.additional_text:
      source_pages:
      - 2
      method: direct_copy
    specs.source_models:
      source_pages:
      - 2
      method: direct_copy
    specs.project_name:
      source_pages:
      - 2
      method: direct_copy
    relations:
      source_pages:
      - 15
      method: direct_copy
    ontology_hints.suggested_parent_class:
      source_pages:
      - 2
      method: direct_copy
    ontology_hints.observed_attributes:
      source_pages:
      - 2
      method: direct_copy
    ontology_hints.function_candidates:
      source_pages:
      - 2
      method: direct_copy
  unresolved:
  - field_candidate: specs.additional_text
    raw_text: 전력시설물종합설계업 제서업 E1-055호
    source_page: 2
    reason: 면허/등록 관련 문구로 보이나 정확한 속성명 확정 불가
    preservation_note: 문서 메타데이터 또는 자격정보로 승격 가능
  - field_candidate: specs.additional_text
    raw_text: 전기신업면허 등록번호 제06-378호
    source_page: 2
    reason: 면허/등록번호 문구로 보이나 정확한 속성명 확정 불가
    preservation_note: 등록번호 계열 속성 후보
  - field_candidate: specs.additional_text
    raw_text: 전기,정보통신 설계,감리 및 소방설계
    source_page: 2
    reason: 업무 범위 설명으로 보이나 단일 속성으로 단정 불가
    preservation_note: 설계/감리 범위 설명
  - field_candidate: specs.additional_text
    raw_text: 대표·기술사 이 정 현
    source_page: 2
    reason: 직함과 인명이 혼재
    preservation_note: 대표자/기술사 정보 분리 필요
  - field_candidate: specs.additional_text
    raw_text: 엔지니어링활동주체신고 제 신고번호 06-378호
    source_page: 2
    reason: 신고번호 문구이나 속성명 확정 불가
    preservation_note: 신고번호 속성 후보
  - field_candidate: specs.additional_text
    raw_text: '기술부문: 정보처리,전문분야: 정보통신'
    source_page: 2
    reason: 기술부문/전문분야 복합 문구
    preservation_note: 분야 분리 후 속성화 가능
  - field_candidate: specs.additional_text
    raw_text: 통신설비소방감리사 김 근 식
    source_page: 2
    reason: 자격/직함과 인명이 혼재
    preservation_note: 감리사명 또는 인명 속성 후보
  - field_candidate: specs.scale
    raw_text: A1 - 1/NONE / A3 - 1/NONE
    source_page: 2
    reason: 복합 축척 표기
    preservation_note: 도면 축척 문자열로 보존
  - field_candidate: specs.scale
    raw_text: 'A1 : 1/150, A3 : 1/300'
    source_page: 2
    reason: 복합 축척 표기
    preservation_note: 도면 축척 문자열로 보존
  - field_candidate: specs.scale
    raw_text: 'A3: 1/150 / A3: 1/300'
    source_page: 2
    reason: 복합 축척 표기
    preservation_note: 도면 축척 문자열로 보존
  - field_candidate: specs.author
    raw_text: '안 동 식 | A3 : 1/NONE'
    source_page: 2
    reason: 인명과 축척이 결합되어 있음
    preservation_note: 인명과 축척 분리 필요
  - field_candidate: specs.approver
    raw_text: 정명기술단 (통신전로산업기사 김 근 식)
    source_page: 2
    reason: 기관명과 자격/인명이 결합
    preservation_note: 승인자/자격정보 분리 필요
  orphan_relations: []
  ambiguous:
    is_ambiguous: true
    reason: TITLE-BLOCK은 문서 메타데이터이지만 project, drawing_title, drawing_number, scale,
      author, checker, approver 등 다수의 정보가 혼재되어 단일 의미로 환원되지 않음
    recommended_handling: AnnotationOnly로 유지하고, 세부 문자열은 free_notes 및 unresolved에 보존한
      뒤 0-9d에서 데이터 속성 승격 여부를 검토
  merge_info:
    is_merge_candidate: false
    other_tag: ''
    reason: ''
  plan_reference:
    guidance_applied:
    - referencesDocumentSection
    - locatedOnPage
    - DocumentEntity / InformationEntity 계열 우선 검토
    deviations: []
  assigned_by: step_0-9b
  model: gpt-5.4-mini
  assigned_at: '2026-04-20T14:47:16.321207'
  confidence: 0.96
