tag: TITLE-BLOCK
name: 표제란
type: META
discipline: COMMUNICATION
function_category: DOCUMENT_METADATA
source_pages:
- 2
- 3
- 8
- 9
- 10
- 11
- 12
- 15
- 16
- 17
- 18
- 19
specs:
  raw_labels:
  - LS Electric R-Center 구축
  - '624001'
  - 가운건축
  - GAUN Architects & Engineers
  - 서울시 강남구 언주로 111길 6 5B (논현동, 백암빌딩)
  - Tel:02-3443-7799 Fax:02-3443-3807
  - www.gaun.co.kr
  - 정보통신용 도면 목록표
  - ET-00-001
  - '축척 A1 : 1/NONE'
  - 'A3 : 1/NONE'
  - '안 동 식 | A3 : 1/NONE'
  - 이 운 찬
  - 정 문 학
  - '2024.04'
  - 정명기술단
  - 통신선로산업기사 입 근 식
  - LS Electric
  - R-Center 구축
  - 가운건축 / GAUN | Architects & Engineers
  - 서울시 강구 언주로 111길 6-5 (논현동, 백암빌딩)
  - Tel:02-2-3443-7798  Fax:02-2-3443-3809
  - 정보통신용 범례 및 주기사항
  - '축척: A1 - 1/NONE / A3 - 1/NONE'
  - ET-00-002
  - 안 동 식
  - 이 정 환
  - 정명기술단 (통신전로산업기사 김 근 식)
  - ET-01-004
  - 지상2층 정보통신설비 평면도
  - 가운 건축 GAUN I Architects & Engineers
  - 'A3 : 1/200'
  - 'A3 : 1/400'
  - 가운 건축
  - GAUN I Architects & Engineers
  - 사무동 지하1층 정보통신 설비 평면도
  - ET-01-005
  - 'A3 : 1/150'
  - 'A3 : 1/300'
  - (주)정명기술단
  - 전문소방공사감리업...
  - 엔지니어링활동주체신고증...
  - 사무동 지상1층 정보통신 설비 평면도
  - ET-01-006
  - '축척 A1 : 1/150, A3 : 1/300'
  - ET-02-004
  - 지상2층 방송 설비 평면도
  - 가운건축 GAUN Architects & Engineers
  - 사무동 지하1층 방송 설비 평면도
  - ET-02-005
  - 'A3: 1/150 / A3: 1/300'
  - 가운 건축 GAUN Architects & Engineers
  - 사무동 지상1층 방송 설비 평면도
  - ET-02-006
  - 통신선로산업기사
  panel_id: TITLE-BLOCK
  shape: rectangle
  labels_inside:
  - LS Electric R-Center 구축
  - '624001'
  - 가운건축
  - GAUN Architects & Engineers
  - 서울시 강남구 언주로 111길 6 5B (논현동, 백암빌딩)
  - Tel:02-3443-7799 Fax:02-3443-3807
  - www.gaun.co.kr
  - 정보통신용 도면 목록표
  - ET-00-001
  - '축척 A1 : 1/NONE'
  - 'A3 : 1/NONE'
  - '안 동 식 | A3 : 1/NONE'
  - 이 운 찬
  - 정 문 학
  - '2024.04'
  - 정명기술단
  - 통신선로산업기사 입 근 식
  labels_above: []
  labels_below: []
  equipment_symbols: []
  inferred_name: 표제란
  position: bottom-right
  project: LS Electric R-Center 구축
  project_number: '624001'
  architect: 가운건축 / GAUN | Architects & Engineers
  drawing_title: 정보통신용 범례 및 주기사항
  drawing_number: ET-00-002
  scale: A1 - 1/NONE / A3 - 1/NONE
  date: '2024.04'
  author: 안 동 식
  checker: 이 정 환
  approver: 정명기술단
  source: 표제란
  architect_english: GAUN I Architects & Engineers
  title: 사무동 지하1층 정보통신 설비 평면도
  scale_a1: 1/150
  scale_a3: 1/300
  engineer: (주)정명기술단
  additional_text:
  - 전력시설물종합설계업 제서업 E1-055호
  - 전기신업면허 등록번호 제06-378호
  - 전기,정보통신 설계,감리 및 소방설계
  - 대표·기술사 이 정 현
  - 엔지니어링활동주체신고 제 신고번호 06-378호
  - '기술부문: 정보처리,전문분야: 정보통신'
  - 통신설비소방감리사 김 근 식
  source_models:
  - visual_semantics
  - visual_semantics_gemini
  project_name: LS Electric R-Center 구축
relations:
- from: LEGEND-NOTE
  to: TITLE-BLOCK
  relation: other
  source_page: 15
  origin: visual_semantics
  annotation: defines symbols used in drawing
collection_sources:
  visual_semantics: true
  entity_synthesis: true
  visual_semantics_gemini: true
position: bottom-right
ontology_hints:
  suggested_parent_class: InformationEntity
  observed_attributes:
  - raw_labels
  - panel_id
  - shape
  - labels_inside
  - labels_above
  - labels_below
  - equipment_symbols
  - inferred_name
  - position
  - project
  - project_number
  - architect
  - drawing_title
  - drawing_number
  - scale
  - date
  - author
  - checker
  - approver
  - source
  - architect_english
  - title
  - scale_a1
  - scale_a3
  - engineer
  - additional_text
  - source_models
  - project_name
  similar_equipment: []
  function_candidates:
  - Project Identification
  - Drawing Identification
  - Scale Specification
  - Approval Tracking
