tag: TITLE-BLOCK
name: 표제란
type: TITLE_BLOCK
discipline: CIVIL
function_category: DRAWING_METADATA
source_pages:
- 2
- 5
- 12
- 14
- 19
specs:
  raw_labels:
  - LS Electric
  - R-Center 구축
  - '224001'
  - 가운건축
  - GAUN | Architects & Engineers
  - 서울시 강남구 언주로 608, 18층 (논현동, 럭스타워)
  - Tel:82-2-3443-7799 Fax:82-2-3443-3807
  - www.gaun.co.kr
  - R-Center
  - 도면목록표
  - 'A1 : NONE'
  - 'A3 : NONE'
  - '2024.05'
  - C00 - 001
  - 가 운 건 축
  - 서울시 강남구 언주로 608, 10층 (논현동, 럭스타워)
  - 'A1 : 1/300'
  - 'A3 : 1/600'
  - C00 - 004
  - ISSUES & REVISIONS
  - LS Electric R-Center 구축
  - GAUN Architects & Engineers
  - 원형맨홀(Φ900)상세도
  - C10 - 303
  - NONE
  - 포장계획평면도
  - 'A1 : 1/200'
  - 'A3 : 1/400'
  - C10-401
  labels_inside:
  - LS Electric
  - R-Center 구축
  - '224001'
  - 가운건축
  - GAUN | Architects & Engineers
  - 서울시 강남구 언주로 608, 18층 (논현동, 럭스타워)
  - Tel:82-2-3443-7799 Fax:82-2-3443-3807
  - www.gaun.co.kr
  - R-Center
  - 도면목록표
  - 'A1 : NONE'
  - 'A3 : NONE'
  - '2024.05'
  - C00 - 001
  labels_above: []
  labels_below: []
  equipment_symbols: []
  inferred_name: 표제란
  position: right
  shape: rectangle
  client: LS Electric
  project: R-Center 구축
  project_number: '224001'
  architect: 가 운 건 축
  architect_english: GAUN | Architects & Engineers
  address: 서울시 강남구 언주로 608, 10층 (논현동, 럭스타워)
  tel: 82-2-3443-7799
  fax: 82-2-3443-3807
  website: www.gaun.co.kr
  title: R-Center
  scale_primary: 'A1 : 1/300'
  scale_secondary: 'A3 : 1/600'
  date: '2024.05'
  drawing_number: C00 - 004
  issues_and_revisions: true
  title_block_texts:
  - LS Electric R-Center 구축
  - '224001'
  - 가운건축
  - GAUN | Architects & Engineers
  - 포장계획평면도
  - 'A1 : 1/200'
  - 'A3 : 1/400'
  - '2024.05'
  - C10-401
relations: []
collection_sources:
  visual_semantics: true
  visual_semantics_gemini: true
  entity_synthesis: true
position: right
ontology_hints:
  suggested_parent_class: DrawingMetadata
  observed_attributes:
  - raw_labels
  - labels_inside
  - labels_above
  - labels_below
  - equipment_symbols
  - inferred_name
  - position
  - shape
  - client
  - project
  - project_number
  - architect
  - architect_english
  - address
  - tel
  - fax
  - website
  - title
  - scale_primary
  - scale_secondary
  - date
  - drawing_number
  - issues_and_revisions
  - title_block_texts
  similar_equipment:
  - LEGEND
  - NOTES
  - DRAWING_LIST
  function_candidates:
  - Drawing Identification
  - Project Information
  - Revision Tracking
